
Microsoft Visual Studio Solution File, Format Version 12.00
# Visual Studio Version 17
VisualStudioVersion = 17.8.34322.80
MinimumVisualStudioVersion = 10.0.40219.1
Project("{FAE04EC0-301F-11D3-BF4B-00C04F79EFBC}") = "e", "e\e.csproj", "{77277217-0B05-43C9-83D1-A0208D8E6DDC}"
EndProject
Global
	GlobalSection(SolutionConfigurationPlatforms) = preSolution
		Debug|Any CPU = Debug|Any CPU
		Release|Any CPU = Release|Any CPU
	EndGlobalSection
	GlobalSection(ProjectConfigurationPlatforms) = postSolution
		{77277217-0B05-43C9-83D1-A0208D8E6DDC}.Debug|Any CPU.ActiveCfg = Debug|Any CPU
		{77277217-0B05-43C9-83D1-A0208D8E6DDC}.Debug|Any CPU.Build.0 = Debug|Any CPU
		{77277217-0B05-43C9-83D1-A0208D8E6DDC}.Release|Any CPU.ActiveCfg = Release|Any CPU
		{77277217-0B05-43C9-83D1-A0208D8E6DDC}.Release|Any CPU.Build.0 = Release|Any CPU
	EndGlobalSection
	GlobalSection(SolutionProperties) = preSolution
		HideSolutionNode = FALSE
	EndGlobalSection
	GlobalSection(ExtensibilityGlobals) = postSolution
		SolutionGuid = {8630D132-D1F9-469B-8C1B-CFED771A52EB}
	EndGlobalSection
EndGlobal
